
Microsoft Visual Studio Solution File, Format Version 12.00
# Visual Studio 15
Project("{FAE04EC0-301F-11D3-BF4B-00C04F79EFBC}") = "Assembly-CSharp-Editor-firstpass", "Assembly-CSharp-Editor-firstpass.csproj", "{ECDAC78A-DD25-0365-99D9-84A338829C5B}"
EndProject
Global
	GlobalSection(SolutionConfigurationPlatforms) = preSolution
		Debug|Any CPU = Debug|Any CPU
		Release|Any CPU = Release|Any CPU
	EndGlobalSection
	GlobalSection(ProjectConfigurationPlatforms) = postSolution
		{ECDAC78A-DD25-0365-99D9-84A338829C5B}.Debug|Any CPU.ActiveCfg = Debug|Any CPU
		{ECDAC78A-DD25-0365-99D9-84A338829C5B}.Debug|Any CPU.Build.0 = Debug|Any CPU
		{ECDAC78A-DD25-0365-99D9-84A338829C5B}.Release|Any CPU.ActiveCfg = Release|Any CPU
		{ECDAC78A-DD25-0365-99D9-84A338829C5B}.Release|Any CPU.Build.0 = Release|Any CPU
	EndGlobalSection
	GlobalSection(SolutionProperties) = preSolution
		HideSolutionNode = FALSE
	EndGlobalSection
EndGlobal
